
Microsoft Visual Studio Solution File, Format Version 12.00
# Visual Studio Version 17
VisualStudioVersion = 17.0.32112.339
MinimumVisualStudioVersion = 10.0.40219.1
Project("{FAE04EC0-301F-11D3-BF4B-00C04F79EFBC}") = "AbcMobil.Android", "AbcMobil\AbcMobil.Android\AbcMobil.Android.csproj", "{9BB4F039-8965-4B18-89DC-15F3D0877599}"
EndProject
Project("{9A19103F-16F7-4668-BE54-9A1E7A4F7556}") = "AbcMobil", "AbcMobil\AbcMobil\AbcMobil.csproj", "{9D7105F2-8DF0-4C26-B92D-4FAEE012749A}"
EndProject
Project("{FAE04EC0-301F-11D3-BF4B-00C04F79EFBC}") = "BindingLib", "BindingLib\BindingLib.csproj", "{001A0BDC-488C-4312-8282-788BEC021AA9}"
EndProject
Project("{9A19103F-16F7-4668-BE54-9A1E7A4F7556}") = "TerminalAPI", "TerminalAPI\TerminalAPI.csproj", "{379F1537-A54D-4862-AD46-07864F9E1692}"
EndProject
Project("{FAE04EC0-301F-11D3-BF4B-00C04F79EFBC}") = "UHF", "UHF\UHF.csproj", "{711160F2-6C3B-4D69-8968-096EF63B7EE3}"
EndProject
Global
	GlobalSection(SolutionConfigurationPlatforms) = preSolution
		Debug|Any CPU = Debug|Any CPU
		Debug|ARM = Debug|ARM
		Debug|iPhone = Debug|iPhone
		Debug|iPhoneSimulator = Debug|iPhoneSimulator
		Debug|x64 = Debug|x64
		Debug|x86 = Debug|x86
		Release|Any CPU = Release|Any CPU
		Release|ARM = Release|ARM
		Release|iPhone = Release|iPhone
		Release|iPhoneSimulator = Release|iPhoneSimulator
		Release|x64 = Release|x64
		Release|x86 = Release|x86
	EndGlobalSection
	GlobalSection(ProjectConfigurationPlatforms) = postSolution
		{9BB4F039-8965-4B18-89DC-15F3D0877599}.Debug|Any CPU.ActiveCfg = Debug|Any CPU
		{9BB4F039-8965-4B18-89DC-15F3D0877599}.Debug|Any CPU.Build.0 = Debug|Any CPU
		{9BB4F039-8965-4B18-89DC-15F3D0877599}.Debug|Any CPU.Deploy.0 = Debug|Any CPU
		{9BB4F039-8965-4B18-89DC-15F3D0877599}.Debug|ARM.ActiveCfg = Debug|Any CPU
		{9BB4F039-8965-4B18-89DC-15F3D0877599}.Debug|ARM.Build.0 = Debug|Any CPU
		{9BB4F039-8965-4B18-89DC-15F3D0877599}.Debug|ARM.Deploy.0 = Debug|Any CPU
		{9BB4F039-8965-4B18-89DC-15F3D0877599}.Debug|iPhone.ActiveCfg = Debug|Any CPU
		{9BB4F039-8965-4B18-89DC-15F3D0877599}.Debug|iPhone.Build.0 = Debug|Any CPU
		{9BB4F039-8965-4B18-89DC-15F3D0877599}.Debug|iPhone.Deploy.0 = Debug|Any CPU
		{9BB4F039-8965-4B18-89DC-15F3D0877599}.Debug|iPhoneSimulator.ActiveCfg = Debug|Any CPU
		{9BB4F039-8965-4B18-89DC-15F3D0877599}.Debug|iPhoneSimulator.Build.0 = Debug|Any CPU
		{9BB4F039-8965-4B18-89DC-15F3D0877599}.Debug|iPhoneSimulator.Deploy.0 = Debug|Any CPU
		{9BB4F039-8965-4B18-89DC-15F3D0877599}.Debug|x64.ActiveCfg = Debug|Any CPU
		{9BB4F039-8965-4B18-89DC-15F3D0877599}.Debug|x64.Build.0 = Debug|Any CPU
		{9BB4F039-8965-4B18-89DC-15F3D0877599}.Debug|x64.Deploy.0 = Debug|Any CPU
		{9BB4F039-8965-4B18-89DC-15F3D0877599}.Debug|x86.ActiveCfg = Debug|Any CPU
		{9BB4F039-8965-4B18-89DC-15F3D0877599}.Debug|x86.Build.0 = Debug|Any CPU
		{9BB4F039-8965-4B18-89DC-15F3D0877599}.Debug|x86.Deploy.0 = Debug|Any CPU
		{9BB4F039-8965-4B18-89DC-15F3D0877599}.Release|Any CPU.ActiveCfg = Release|Any CPU
		{9BB4F039-8965-4B18-89DC-15F3D0877599}.Release|Any CPU.Build.0 = Release|Any CPU
		{9BB4F039-8965-4B18-89DC-15F3D0877599}.Release|Any CPU.Deploy.0 = Release|Any CPU
		{9BB4F039-8965-4B18-89DC-15F3D0877599}.Release|ARM.ActiveCfg = Release|Any CPU
		{9BB4F039-8965-4B18-89DC-15F3D0877599}.Release|ARM.Build.0 = Release|Any CPU
		{9BB4F039-8965-4B18-89DC-15F3D0877599}.Release|ARM.Deploy.0 = Release|Any CPU
		{9BB4F039-8965-4B18-89DC-15F3D0877599}.Release|iPhone.ActiveCfg = Release|Any CPU
		{9BB4F039-8965-4B18-89DC-15F3D0877599}.Release|iPhone.Build.0 = Release|Any CPU
		{9BB4F039-8965-4B18-89DC-15F3D0877599}.Release|iPhone.Deploy.0 = Release|Any CPU
		{9BB4F039-8965-4B18-89DC-15F3D0877599}.Release|iPhoneSimulator.ActiveCfg = Release|Any CPU
		{9BB4F039-8965-4B18-89DC-15F3D0877599}.Release|iPhoneSimulator.Build.0 = Release|Any CPU
		{9BB4F039-8965-4B18-89DC-15F3D0877599}.Release|iPhoneSimulator.Deploy.0 = Release|Any CPU
		{9BB4F039-8965-4B18-89DC-15F3D0877599}.Release|x64.ActiveCfg = Release|Any CPU
		{9BB4F039-8965-4B18-89DC-15F3D0877599}.Release|x64.Build.0 = Release|Any CPU
		{9BB4F039-8965-4B18-89DC-15F3D0877599}.Release|x64.Deploy.0 = Release|Any CPU
		{9BB4F039-8965-4B18-89DC-15F3D0877599}.Release|x86.ActiveCfg = Release|Any CPU
		{9BB4F039-8965-4B18-89DC-15F3D0877599}.Release|x86.Build.0 = Release|Any CPU
		{9BB4F039-8965-4B18-89DC-15F3D0877599}.Release|x86.Deploy.0 = Release|Any CPU
		{9D7105F2-8DF0-4C26-B92D-4FAEE012749A}.Debug|Any CPU.ActiveCfg = Debug|Any CPU
		{9D7105F2-8DF0-4C26-B92D-4FAEE012749A}.Debug|Any CPU.Build.0 = Debug|Any CPU
		{9D7105F2-8DF0-4C26-B92D-4FAEE012749A}.Debug|Any CPU.Deploy.0 = Debug|Any CPU
		{9D7105F2-8DF0-4C26-B92D-4FAEE012749A}.Debug|ARM.ActiveCfg = Debug|Any CPU
		{9D7105F2-8DF0-4C26-B92D-4FAEE012749A}.Debug|ARM.Build.0 = Debug|Any CPU
		{9D7105F2-8DF0-4C26-B92D-4FAEE012749A}.Debug|ARM.Deploy.0 = Debug|Any CPU
		{9D7105F2-8DF0-4C26-B92D-4FAEE012749A}.Debug|iPhone.ActiveCfg = Debug|Any CPU
		{9D7105F2-8DF0-4C26-B92D-4FAEE012749A}.Debug|iPhone.Build.0 = Debug|Any CPU
		{9D7105F2-8DF0-4C26-B92D-4FAEE012749A}.Debug|iPhone.Deploy.0 = Debug|Any CPU
		{9D7105F2-8DF0-4C26-B92D-4FAEE012749A}.Debug|iPhoneSimulator.ActiveCfg = Debug|Any CPU
		{9D7105F2-8DF0-4C26-B92D-4FAEE012749A}.Debug|iPhoneSimulator.Build.0 = Debug|Any CPU
		{9D7105F2-8DF0-4C26-B92D-4FAEE012749A}.Debug|iPhoneSimulator.Deploy.0 = Debug|Any CPU
		{9D7105F2-8DF0-4C26-B92D-4FAEE012749A}.Debug|x64.ActiveCfg = Debug|Any CPU
		{9D7105F2-8DF0-4C26-B92D-4FAEE012749A}.Debug|x64.Build.0 = Debug|Any CPU
		{9D7105F2-8DF0-4C26-B92D-4FAEE012749A}.Debug|x64.Deploy.0 = Debug|Any CPU
		{9D7105F2-8DF0-4C26-B92D-4FAEE012749A}.Debug|x86.ActiveCfg = Debug|Any CPU
		{9D7105F2-8DF0-4C26-B92D-4FAEE012749A}.Debug|x86.Build.0 = Debug|Any CPU
		{9D7105F2-8DF0-4C26-B92D-4FAEE012749A}.Debug|x86.Deploy.0 = Debug|Any CPU
		{9D7105F2-8DF0-4C26-B92D-4FAEE012749A}.Release|Any CPU.ActiveCfg = Release|Any CPU
		{9D7105F2-8DF0-4C26-B92D-4FAEE012749A}.Release|Any CPU.Build.0 = Release|Any CPU
		{9D7105F2-8DF0-4C26-B92D-4FAEE012749A}.Release|Any CPU.Deploy.0 = Release|Any CPU
		{9D7105F2-8DF0-4C26-B92D-4FAEE012749A}.Release|ARM.ActiveCfg = Release|Any CPU
		{9D7105F2-8DF0-4C26-B92D-4FAEE012749A}.Release|ARM.Build.0 = Release|Any CPU
		{9D7105F2-8DF0-4C26-B92D-4FAEE012749A}.Release|ARM.Deploy.0 = Release|Any CPU
		{9D7105F2-8DF0-4C26-B92D-4FAEE012749A}.Release|iPhone.ActiveCfg = Release|Any CPU
		{9D7105F2-8DF0-4C26-B92D-4FAEE012749A}.Release|iPhone.Build.0 = Release|Any CPU
		{9D7105F2-8DF0-4C26-B92D-4FAEE012749A}.Release|iPhone.Deploy.0 = Release|Any CPU
		{9D7105F2-8DF0-4C26-B92D-4FAEE012749A}.Release|iPhoneSimulator.ActiveCfg = Release|Any CPU
		{9D7105F2-8DF0-4C26-B92D-4FAEE012749A}.Release|iPhoneSimulator.Build.0 = Release|Any CPU
		{9D7105F2-8DF0-4C26-B92D-4FAEE012749A}.Release|iPhoneSimulator.Deploy.0 = Release|Any CPU
		{9D7105F2-8DF0-4C26-B92D-4FAEE012749A}.Release|x64.ActiveCfg = Release|Any CPU
		{9D7105F2-8DF0-4C26-B92D-4FAEE012749A}.Release|x64.Build.0 = Release|Any CPU
		{9D7105F2-8DF0-4C26-B92D-4FAEE012749A}.Release|x64.Deploy.0 = Release|Any CPU
		{9D7105F2-8DF0-4C26-B92D-4FAEE012749A}.Release|x86.ActiveCfg = Release|Any CPU
		{9D7105F2-8DF0-4C26-B92D-4FAEE012749A}.Release|x86.Build.0 = Release|Any CPU
		{9D7105F2-8DF0-4C26-B92D-4FAEE012749A}.Release|x86.Deploy.0 = Release|Any CPU
		{001A0BDC-488C-4312-8282-788BEC021AA9}.Debug|Any CPU.ActiveCfg = Debug|Any CPU
		{001A0BDC-488C-4312-8282-788BEC021AA9}.Debug|Any CPU.Build.0 = Debug|Any CPU
		{001A0BDC-488C-4312-8282-788BEC021AA9}.Debug|ARM.ActiveCfg = Debug|Any CPU
		{001A0BDC-488C-4312-8282-788BEC021AA9}.Debug|ARM.Build.0 = Debug|Any CPU
		{001A0BDC-488C-4312-8282-788BEC021AA9}.Debug|iPhone.ActiveCfg = Debug|Any CPU
		{001A0BDC-488C-4312-8282-788BEC021AA9}.Debug|iPhone.Build.0 = Debug|Any CPU
		{001A0BDC-488C-4312-8282-788BEC021AA9}.Debug|iPhoneSimulator.ActiveCfg = Debug|Any CPU
		{001A0BDC-488C-4312-8282-788BEC021AA9}.Debug|iPhoneSimulator.Build.0 = Debug|Any CPU
		{001A0BDC-488C-4312-8282-788BEC021AA9}.Debug|x64.ActiveCfg = Debug|Any CPU
		{001A0BDC-488C-4312-8282-788BEC021AA9}.Debug|x64.Build.0 = Debug|Any CPU
		{001A0BDC-488C-4312-8282-788BEC021AA9}.Debug|x86.ActiveCfg = Debug|Any CPU
		{001A0BDC-488C-4312-8282-788BEC021AA9}.Debug|x86.Build.0 = Debug|Any CPU
		{001A0BDC-488C-4312-8282-788BEC021AA9}.Release|Any CPU.ActiveCfg = Release|Any CPU
		{001A0BDC-488C-4312-8282-788BEC021AA9}.Release|Any CPU.Build.0 = Release|Any CPU
		{001A0BDC-488C-4312-8282-788BEC021AA9}.Release|ARM.ActiveCfg = Release|Any CPU
		{001A0BDC-488C-4312-8282-788BEC021AA9}.Release|ARM.Build.0 = Release|Any CPU
		{001A0BDC-488C-4312-8282-788BEC021AA9}.Release|iPhone.ActiveCfg = Release|Any CPU
		{001A0BDC-488C-4312-8282-788BEC021AA9}.Release|iPhone.Build.0 = Release|Any CPU
		{001A0BDC-488C-4312-8282-788BEC021AA9}.Release|iPhoneSimulator.ActiveCfg = Release|Any CPU
		{001A0BDC-488C-4312-8282-788BEC021AA9}.Release|iPhoneSimulator.Build.0 = Release|Any CPU
		{001A0BDC-488C-4312-8282-788BEC021AA9}.Release|x64.ActiveCfg = Release|Any CPU
		{001A0BDC-488C-4312-8282-788BEC021AA9}.Release|x64.Build.0 = Release|Any CPU
		{001A0BDC-488C-4312-8282-788BEC021AA9}.Release|x86.ActiveCfg = Release|Any CPU
		{001A0BDC-488C-4312-8282-788BEC021AA9}.Release|x86.Build.0 = Release|Any CPU
		{379F1537-A54D-4862-AD46-07864F9E1692}.Debug|Any CPU.ActiveCfg = Debug|Any CPU
		{379F1537-A54D-4862-AD46-07864F9E1692}.Debug|Any CPU.Build.0 = Debug|Any CPU
		{379F1537-A54D-4862-AD46-07864F9E1692}.Debug|ARM.ActiveCfg = Debug|Any CPU
		{379F1537-A54D-4862-AD46-07864F9E1692}.Debug|ARM.Build.0 = Debug|Any CPU
		{379F1537-A54D-4862-AD46-07864F9E1692}.Debug|iPhone.ActiveCfg = Debug|Any CPU
		{379F1537-A54D-4862-AD46-07864F9E1692}.Debug|iPhone.Build.0 = Debug|Any CPU
		{379F1537-A54D-4862-AD46-07864F9E1692}.Debug|iPhoneSimulator.ActiveCfg = Debug|Any CPU
		{379F1537-A54D-4862-AD46-07864F9E1692}.Debug|iPhoneSimulator.Build.0 = Debug|Any CPU
		{379F1537-A54D-4862-AD46-07864F9E1692}.Debug|x64.ActiveCfg = Debug|Any CPU
		{379F1537-A54D-4862-AD46-07864F9E1692}.Debug|x64.Build.0 = Debug|Any CPU
		{379F1537-A54D-4862-AD46-07864F9E1692}.Debug|x86.ActiveCfg = Debug|Any CPU
		{379F1537-A54D-4862-AD46-07864F9E1692}.Debug|x86.Build.0 = Debug|Any CPU
		{379F1537-A54D-4862-AD46-07864F9E1692}.Release|Any CPU.ActiveCfg = Release|Any CPU
		{379F1537-A54D-4862-AD46-07864F9E1692}.Release|Any CPU.Build.0 = Release|Any CPU
		{379F1537-A54D-4862-AD46-07864F9E1692}.Release|ARM.ActiveCfg = Release|Any CPU
		{379F1537-A54D-4862-AD46-07864F9E1692}.Release|ARM.Build.0 = Release|Any CPU
		{379F1537-A54D-4862-AD46-07864F9E1692}.Release|iPhone.ActiveCfg = Release|Any CPU
		{379F1537-A54D-4862-AD46-07864F9E1692}.Release|iPhone.Build.0 = Release|Any CPU
		{379F1537-A54D-4862-AD46-07864F9E1692}.Release|iPhoneSimulator.ActiveCfg = Release|Any CPU
		{379F1537-A54D-4862-AD46-07864F9E1692}.Release|iPhoneSimulator.Build.0 = Release|Any CPU
		{379F1537-A54D-4862-AD46-07864F9E1692}.Release|x64.ActiveCfg = Release|Any CPU
		{379F1537-A54D-4862-AD46-07864F9E1692}.Release|x64.Build.0 = Release|Any CPU
		{379F1537-A54D-4862-AD46-07864F9E1692}.Release|x86.ActiveCfg = Release|Any CPU
		{379F1537-A54D-4862-AD46-07864F9E1692}.Release|x86.Build.0 = Release|Any CPU
		{711160F2-6C3B-4D69-8968-096EF63B7EE3}.Debug|Any CPU.ActiveCfg = Debug|Any CPU
		{711160F2-6C3B-4D69-8968-096EF63B7EE3}.Debug|Any CPU.Build.0 = Debug|Any CPU
		{711160F2-6C3B-4D69-8968-096EF63B7EE3}.Debug|Any CPU.Deploy.0 = Debug|Any CPU
		{711160F2-6C3B-4D69-8968-096EF63B7EE3}.Debug|ARM.ActiveCfg = Debug|Any CPU
		{711160F2-6C3B-4D69-8968-096EF63B7EE3}.Debug|ARM.Build.0 = Debug|Any CPU
		{711160F2-6C3B-4D69-8968-096EF63B7EE3}.Debug|ARM.Deploy.0 = Debug|Any CPU
		{711160F2-6C3B-4D69-8968-096EF63B7EE3}.Debug|iPhone.ActiveCfg = Debug|Any CPU
		{711160F2-6C3B-4D69-8968-096EF63B7EE3}.Debug|iPhone.Build.0 = Debug|Any CPU
		{711160F2-6C3B-4D69-8968-096EF63B7EE3}.Debug|iPhone.Deploy.0 = Debug|Any CPU
		{711160F2-6C3B-4D69-8968-096EF63B7EE3}.Debug|iPhoneSimulator.ActiveCfg = Debug|Any CPU
		{711160F2-6C3B-4D69-8968-096EF63B7EE3}.Debug|iPhoneSimulator.Build.0 = Debug|Any CPU
		{711160F2-6C3B-4D69-8968-096EF63B7EE3}.Debug|iPhoneSimulator.Deploy.0 = Debug|Any CPU
		{711160F2-6C3B-4D69-8968-096EF63B7EE3}.Debug|x64.ActiveCfg = Debug|Any CPU
		{711160F2-6C3B-4D69-8968-096EF63B7EE3}.Debug|x64.Build.0 = Debug|Any CPU
		{711160F2-6C3B-4D69-8968-096EF63B7EE3}.Debug|x64.Deploy.0 = Debug|Any CPU
		{711160F2-6C3B-4D69-8968-096EF63B7EE3}.Debug|x86.ActiveCfg = Debug|Any CPU
		{711160F2-6C3B-4D69-8968-096EF63B7EE3}.Debug|x86.Build.0 = Debug|Any CPU
		{711160F2-6C3B-4D69-8968-096EF63B7EE3}.Debug|x86.Deploy.0 = Debug|Any CPU
		{711160F2-6C3B-4D69-8968-096EF63B7EE3}.Release|Any CPU.ActiveCfg = Release|Any CPU
		{711160F2-6C3B-4D69-8968-096EF63B7EE3}.Release|Any CPU.Build.0 = Release|Any CPU
		{711160F2-6C3B-4D69-8968-096EF63B7EE3}.Release|Any CPU.Deploy.0 = Release|Any CPU
		{711160F2-6C3B-4D69-8968-096EF63B7EE3}.Release|ARM.ActiveCfg = Release|Any CPU
		{711160F2-6C3B-4D69-8968-096EF63B7EE3}.Release|ARM.Build.0 = Release|Any CPU
		{711160F2-6C3B-4D69-8968-096EF63B7EE3}.Release|ARM.Deploy.0 = Release|Any CPU
		{711160F2-6C3B-4D69-8968-096EF63B7EE3}.Release|iPhone.ActiveCfg = Release|Any CPU
		{711160F2-6C3B-4D69-8968-096EF63B7EE3}.Release|iPhone.Build.0 = Release|Any CPU
		{711160F2-6C3B-4D69-8968-096EF63B7EE3}.Release|iPhone.Deploy.0 = Release|Any CPU
		{711160F2-6C3B-4D69-8968-096EF63B7EE3}.Release|iPhoneSimulator.ActiveCfg = Release|Any CPU
		{711160F2-6C3B-4D69-8968-096EF63B7EE3}.Release|iPhoneSimulator.Build.0 = Release|Any CPU
		{711160F2-6C3B-4D69-8968-096EF63B7EE3}.Release|iPhoneSimulator.Deploy.0 = Release|Any CPU
		{711160F2-6C3B-4D69-8968-096EF63B7EE3}.Release|x64.ActiveCfg = Release|Any CPU
		{711160F2-6C3B-4D69-8968-096EF63B7EE3}.Release|x64.Build.0 = Release|Any CPU
		{711160F2-6C3B-4D69-8968-096EF63B7EE3}.Release|x64.Deploy.0 = Release|Any CPU
		{711160F2-6C3B-4D69-8968-096EF63B7EE3}.Release|x86.ActiveCfg = Release|Any CPU
		{711160F2-6C3B-4D69-8968-096EF63B7EE3}.Release|x86.Build.0 = Release|Any CPU
		{711160F2-6C3B-4D69-8968-096EF63B7EE3}.Release|x86.Deploy.0 = Release|Any CPU
	EndGlobalSection
	GlobalSection(SolutionProperties) = preSolution
		HideSolutionNode = FALSE
	EndGlobalSection
	GlobalSection(ExtensibilityGlobals) = postSolution
		SolutionGuid = {EF7D5F9B-DF73-4C2F-B0DB-C033D579E999}
	EndGlobalSection
EndGlobal
